// !$*UTF8*$!
{
	archiveVersion = 1;
	classes = {
	};
	objectVersion = 48;
	objects = {

/* Begin PBXBuildFile section */
		037094841F70C3A300C76883 /* ColorSlider.swift in Sources */ = {isa = PBXBuildFile; fileRef = 0301B2991F62850100603B8C /* ColorSlider.swift */; };
		037094851F70C3A300C76883 /* GradientView.swift in Sources */ = {isa = PBXBuildFile; fileRef = 0301B29D1F62850100603B8C /* GradientView.swift */; };
		037094861F70C3A300C76883 /* PreviewView.swift in Sources */ = {isa = PBXBuildFile; fileRef = 0301B2981F62850100603B8C /* PreviewView.swift */; };
		037094871F70C3A300C76883 /* DefaultPreviewView.swift in Sources */ = {isa = PBXBuildFile; fileRef = 0301B2971F62850100603B8C /* DefaultPreviewView.swift */; };
		037094881F70C3A300C76883 /* ColorSliderExtensions.swift in Sources */ = {isa = PBXBuildFile; fileRef = 0301B29B1F62850100603B8C /* ColorSliderExtensions.swift */; };
		037094891F70C3A300C76883 /* HSBColor.swift in Sources */ = {isa = PBXBuildFile; fileRef = 0301B29C1F62850100603B8C /* HSBColor.swift */; };
		0370948A1F70C3A300C76883 /* DemoView.swift in Sources */ = {isa = PBXBuildFile; fileRef = 0301B2A21F62853D00603B8C /* DemoView.swift */; };
		038FED811F70C5A30093C751 /* AppDelegate.swift in Sources */ = {isa = PBXBuildFile; fileRef = 0301B2A51F62853D00603B8C /* AppDelegate.swift */; };
		038FED821F70C5A30093C751 /* ViewController.swift in Sources */ = {isa = PBXBuildFile; fileRef = 0301B2A01F62853D00603B8C /* ViewController.swift */; };
		038FED831F70D0410093C751 /* Spark.sks in Resources */ = {isa = PBXBuildFile; fileRef = 0301B2A41F62853D00603B8C /* Spark.sks */; };
		038FED841F70D0440093C751 /* Assets.xcassets in Resources */ = {isa = PBXBuildFile; fileRef = 0301B2A31F62853D00603B8C /* Assets.xcassets */; };
		038FED851F70D7700093C751 /* LaunchScreen.storyboard in Resources */ = {isa = PBXBuildFile; fileRef = 0301B2A11F62853D00603B8C /* LaunchScreen.storyboard */; };
		03C7A2ED1F99922F00C0FA4B /* Gradient.swift in Sources */ = {isa = PBXBuildFile; fileRef = 03C7A2EC1F99922F00C0FA4B /* Gradient.swift */; };
/* End PBXBuildFile section */

/* Begin PBXFileReference section */
		0301B2971F62850100603B8C /* DefaultPreviewView.swift */ = {isa = PBXFileReference; lastKnownFileType = sourcecode.swift; name = DefaultPreviewView.swift; path = ../Sources/DefaultPreviewView.swift; sourceTree = "<group>"; };
		0301B2981F62850100603B8C /* PreviewView.swift */ = {isa = PBXFileReference; lastKnownFileType = sourcecode.swift; name = PreviewView.swift; path = ../Sources/PreviewView.swift; sourceTree = "<group>"; };
		0301B2991F62850100603B8C /* ColorSlider.swift */ = {isa = PBXFileReference; lastKnownFileType = sourcecode.swift; name = ColorSlider.swift; path = ../Sources/ColorSlider.swift; sourceTree = "<group>"; };
		0301B29B1F62850100603B8C /* ColorSliderExtensions.swift */ = {isa = PBXFileReference; lastKnownFileType = sourcecode.swift; path = ColorSliderExtensions.swift; sourceTree = "<group>"; };
		0301B29C1F62850100603B8C /* HSBColor.swift */ = {isa = PBXFileReference; lastKnownFileType = sourcecode.swift; path = HSBColor.swift; sourceTree = "<group>"; };
		0301B29D1F62850100603B8C /* GradientView.swift */ = {isa = PBXFileReference; lastKnownFileType = sourcecode.swift; name = GradientView.swift; path = ../Sources/GradientView.swift; sourceTree = "<group>"; };
		0301B2A01F62853D00603B8C /* ViewController.swift */ = {isa = PBXFileReference; lastKnownFileType = sourcecode.swift; path = ViewController.swift; sourceTree = "<group>"; };
		0301B2A11F62853D00603B8C /* LaunchScreen.storyboard */ = {isa = PBXFileReference; lastKnownFileType = file.storyboard; path = LaunchScreen.storyboard; sourceTree = "<group>"; };
		0301B2A21F62853D00603B8C /* DemoView.swift */ = {isa = PBXFileReference; lastKnownFileType = sourcecode.swift; path = DemoView.swift; sourceTree = "<group>"; };
		0301B2A31F62853D00603B8C /* Assets.xcassets */ = {isa = PBXFileReference; lastKnownFileType = folder.assetcatalog; path = Assets.xcassets; sourceTree = "<group>"; };
		0301B2A41F62853D00603B8C /* Spark.sks */ = {isa = PBXFileReference; lastKnownFileType = file.sks; path = Spark.sks; sourceTree = "<group>"; };
		0301B2A51F62853D00603B8C /* AppDelegate.swift */ = {isa = PBXFileReference; lastKnownFileType = sourcecode.swift; path = AppDelegate.swift; sourceTree = "<group>"; };
		0301B2A61F62853D00603B8C /* Info.plist */ = {isa = PBXFileReference; lastKnownFileType = text.plist.xml; path = Info.plist; sourceTree = "<group>"; };
		037094721F70C38400C76883 /* ColorSliderDemo.app */ = {isa = PBXFileReference; explicitFileType = wrapper.application; includeInIndex = 0; path = ColorSliderDemo.app; sourceTree = BUILT_PRODUCTS_DIR; };
		03C7A2EC1F99922F00C0FA4B /* Gradient.swift */ = {isa = PBXFileReference; lastKnownFileType = sourcecode.swift; path = Gradient.swift; sourceTree = "<group>"; };
/* End PBXFileReference section */

/* Begin PBXFrameworksBuildPhase section */
		0370946F1F70C38400C76883 /* Frameworks */ = {
			isa = PBXFrameworksBuildPhase;
			buildActionMask = 2147483647;
			files = (
			);
			runOnlyForDeploymentPostprocessing = 0;
		};
/* End PBXFrameworksBuildPhase section */

/* Begin PBXGroup section */
		0301B29A1F62850100603B8C /* Internal */ = {
			isa = PBXGroup;
			children = (
				0301B29B1F62850100603B8C /* ColorSliderExtensions.swift */,
				0301B29C1F62850100603B8C /* HSBColor.swift */,
				03C7A2EC1F99922F00C0FA4B /* Gradient.swift */,
			);
			name = Internal;
			path = ../Sources/Internal;
			sourceTree = "<group>";
		};
		0301B29F1F62853D00603B8C /* ColorSliderDemo */ = {
			isa = PBXGroup;
			children = (
				0301B2A51F62853D00603B8C /* AppDelegate.swift */,
				0301B2A01F62853D00603B8C /* ViewController.swift */,
				0301B2A21F62853D00603B8C /* DemoView.swift */,
				0301B2A11F62853D00603B8C /* LaunchScreen.storyboard */,
				0301B2A31F62853D00603B8C /* Assets.xcassets */,
				0301B2A41F62853D00603B8C /* Spark.sks */,
				0301B2A61F62853D00603B8C /* Info.plist */,
			);
			path = ColorSliderDemo;
			sourceTree = "<group>";
		};
		032B68981F624990000B26F8 = {
			isa = PBXGroup;
			children = (
				032B68B71F624A02000B26F8 /* ColorSlider */,
				0301B29F1F62853D00603B8C /* ColorSliderDemo */,
				032B68A21F624990000B26F8 /* Products */,
			);
			sourceTree = "<group>";
		};
		032B68A21F624990000B26F8 /* Products */ = {
			isa = PBXGroup;
			children = (
				037094721F70C38400C76883 /* ColorSliderDemo.app */,
			);
			name = Products;
			sourceTree = "<group>";
		};
		032B68B71F624A02000B26F8 /* ColorSlider */ = {
			isa = PBXGroup;
			children = (
				0301B2991F62850100603B8C /* ColorSlider.swift */,
				0301B29D1F62850100603B8C /* GradientView.swift */,
				0301B2981F62850100603B8C /* PreviewView.swift */,
				0301B2971F62850100603B8C /* DefaultPreviewView.swift */,
				0301B29A1F62850100603B8C /* Internal */,
			);
			name = ColorSlider;
			sourceTree = "<group>";
		};
/* End PBXGroup section */

/* Begin PBXNativeTarget section */
		037094711F70C38400C76883 /* ColorSliderDemo */ = {
			isa = PBXNativeTarget;
			buildConfigurationList = 037094811F70C38400C76883 /* Build configuration list for PBXNativeTarget "ColorSliderDemo" */;
			buildPhases = (
				0370946E1F70C38400C76883 /* Sources */,
				0370946F1F70C38400C76883 /* Frameworks */,
				037094701F70C38400C76883 /* Resources */,
			);
			buildRules = (
			);
			dependencies = (
			);
			name = ColorSliderDemo;
			productName = ColorSliderDemo;
			productReference = 037094721F70C38400C76883 /* ColorSliderDemo.app */;
			productType = "com.apple.product-type.application";
		};
/* End PBXNativeTarget section */

/* Begin PBXProject section */
		032B68991F624990000B26F8 /* Project object */ = {
			isa = PBXProject;
			attributes = {
				LastSwiftUpdateCheck = 0900;
				LastUpgradeCheck = 0940;
				ORGANIZATIONNAME = "Sachin Patel";
				TargetAttributes = {
					037094711F70C38400C76883 = {
						CreatedOnToolsVersion = 9.0;
						LastSwiftMigration = 1000;
						ProvisioningStyle = Automatic;
					};
				};
			};
			buildConfigurationList = 032B689C1F624990000B26F8 /* Build configuration list for PBXProject "ColorSliderDemo" */;
			compatibilityVersion = "Xcode 8.0";
			developmentRegion = en;
			hasScannedForEncodings = 0;
			knownRegions = (
				en,
				Base,
			);
			mainGroup = 032B68981F624990000B26F8;
			productRefGroup = 032B68A21F624990000B26F8 /* Products */;
			projectDirPath = "";
			projectRoot = "";
			targets = (
				037094711F70C38400C76883 /* ColorSliderDemo */,
			);
		};
/* End PBXProject section */

/* Begin PBXResourcesBuildPhase section */
		037094701F70C38400C76883 /* Resources */ = {
			isa = PBXResourcesBuildPhase;
			buildActionMask = 2147483647;
			files = (
				038FED851F70D7700093C751 /* LaunchScreen.storyboard in Resources */,
				038FED841F70D0440093C751 /* Assets.xcassets in Resources */,
				038FED831F70D0410093C751 /* Spark.sks in Resources */,
			);
			runOnlyForDeploymentPostprocessing = 0;
		};
/* End PBXResourcesBuildPhase section */

/* Begin PBXSourcesBuildPhase section */
		0370946E1F70C38400C76883 /* Sources */ = {
			isa = PBXSourcesBuildPhase;
			buildActionMask = 2147483647;
			files = (
				038FED811F70C5A30093C751 /* AppDelegate.swift in Sources */,
				037094861F70C3A300C76883 /* PreviewView.swift in Sources */,
				037094841F70C3A300C76883 /* ColorSlider.swift in Sources */,
				038FED821F70C5A30093C751 /* ViewController.swift in Sources */,
				037094881F70C3A300C76883 /* ColorSliderExtensions.swift in Sources */,
				03C7A2ED1F99922F00C0FA4B /* Gradient.swift in Sources */,
				0370948A1F70C3A300C76883 /* DemoView.swift in Sources */,
				037094871F70C3A300C76883 /* DefaultPreviewView.swift in Sources */,
				037094891F70C3A300C76883 /* HSBColor.swift in Sources */,
				037094851F70C3A300C76883 /* GradientView.swift in Sources */,
			);
			runOnlyForDeploymentPostprocessing = 0;
		};
/* End PBXSourcesBuildPhase section */

/* Begin XCBuildConfiguration section */
		032B68B11F624990000B26F8 /* Debug */ = {
			isa = XCBuildConfiguration;
			buildSettings = {
				ALWAYS_SEARCH_USER_PATHS = NO;
				CLANG_ANALYZER_NONNULL = YES;
				CLANG_ANALYZER_NUMBER_OBJECT_CONVERSION = YES_AGGRESSIVE;
				CLANG_CXX_LANGUAGE_STANDARD = "gnu++14";
				CLANG_CXX_LIBRARY = "libc++";
				CLANG_ENABLE_MODULES = YES;
				CLANG_ENABLE_OBJC_ARC = YES;
				CLANG_WARN_BLOCK_CAPTURE_AUTORELEASING = YES;
				CLANG_WARN_BOOL_CONVERSION = YES;
				CLANG_WARN_COMMA = YES;
				CLANG_WARN_CONSTANT_CONVERSION = YES;
				CLANG_WARN_DEPRECATED_OBJC_IMPLEMENTATIONS = YES;
				CLANG_WARN_DIRECT_OBJC_ISA_USAGE = YES_ERROR;
				CLANG_WARN_DOCUMENTATION_COMMENTS = YES;
				CLANG_WARN_EMPTY_BODY = YES;
				CLANG_WARN_ENUM_CONVERSION = YES;
				CLANG_WARN_INFINITE_RECURSION = YES;
				CLANG_WARN_INT_CONVERSION = YES;
				CLANG_WARN_NON_LITERAL_NULL_CONVERSION = YES;
				CLANG_WARN_OBJC_IMPLICIT_RETAIN_SELF = YES;
				CLANG_WARN_OBJC_LITERAL_CONVERSION = YES;
				CLANG_WARN_OBJC_ROOT_CLASS = YES_ERROR;
				CLANG_WARN_RANGE_LOOP_ANALYSIS = YES;
				CLANG_WARN_STRICT_PROTOTYPES = YES;
				CLANG_WARN_SUSPICIOUS_MOVE = YES;
				CLANG_WARN_UNGUARDED_AVAILABILITY = YES_AGGRESSIVE;
				CLANG_WARN_UNREACHABLE_CODE = YES;
				CLANG_WARN__DUPLICATE_METHOD_MATCH = YES;
				CODE_SIGN_IDENTITY = "iPhone Developer";
				COPY_PHASE_STRIP = NO;
				DEBUG_INFORMATION_FORMAT = dwarf;
				ENABLE_STRICT_OBJC_MSGSEND = YES;
				ENABLE_TESTABILITY = YES;
				GCC_C_LANGUAGE_STANDARD = gnu11;
				GCC_DYNAMIC_NO_PIC = NO;
				GCC_NO_COMMON_BLOCKS = YES;
				GCC_OPTIMIZATION_LEVEL = 0;
				GCC_PREPROCESSOR_DEFINITIONS = (
					"DEBUG=1",
					"$(inherited)",
				);
				GCC_WARN_64_TO_32_BIT_CONVERSION = YES;
				GCC_WARN_ABOUT_RETURN_TYPE = YES_ERROR;
				GCC_WARN_UNDECLARED_SELECTOR = YES;
				GCC_WARN_UNINITIALIZED_AUTOS = YES_AGGRESSIVE;
				GCC_WARN_UNUSED_FUNCTION = YES;
				GCC_WARN_UNUSED_VARIABLE = YES;
				IPHONEOS_DEPLOYMENT_TARGET = 11.0;
				MTL_ENABLE_DEBUG_INFO = YES;
				ONLY_ACTIVE_ARCH = YES;
				SDKROOT = iphoneos;
				SWIFT_ACTIVE_COMPILATION_CONDITIONS = DEBUG;
				SWIFT_OPTIMIZATION_LEVEL = "-Onone";
			};
			name = Debug;
		};
		032B68B21F624990000B26F8 /* Release */ = {
			isa = XCBuildConfiguration;
			buildSettings = {
				ALWAYS_SEARCH_USER_PATHS = NO;
				CLANG_ANALYZER_NONNULL = YES;
				CLANG_ANALYZER_NUMBER_OBJECT_CONVERSION = YES_AGGRESSIVE;
				CLANG_CXX_LANGUAGE_STANDARD = "gnu++14";
				CLANG_CXX_LIBRARY = "libc++";
				CLANG_ENABLE_MODULES = YES;
				CLANG_ENABLE_OBJC_ARC = YES;
				CLANG_WARN_BLOCK_CAPTURE_AUTORELEASING = YES;
				CLANG_WARN_BOOL_CONVERSION = YES;
				CLANG_WARN_COMMA = YES;
				CLANG_WARN_CONSTANT_CONVERSION = YES;
				CLANG_WARN_DEPRECATED_OBJC_IMPLEMENTATIONS = YES;
				CLANG_WARN_DIRECT_OBJC_ISA_USAGE = YES_ERROR;
				CLANG_WARN_DOCUMENTATION_COMMENTS = YES;
				CLANG_WARN_EMPTY_BODY = YES;
				CLANG_WARN_ENUM_CONVERSION = YES;
				CLANG_WARN_INFINITE_RECURSION = YES;
				CLANG_WARN_INT_CONVERSION = YES;
				CLANG_WARN_NON_LITERAL_NULL_CONVERSION = YES;
				CLANG_WARN_OBJC_IMPLICIT_RETAIN_SELF = YES;
				CLANG_WARN_OBJC_LITERAL_CONVERSION = YES;
				CLANG_WARN_OBJC_ROOT_CLASS = YES_ERROR;
				CLANG_WARN_RANGE_LOOP_ANALYSIS = YES;
				CLANG_WARN_STRICT_PROTOTYPES = YES;
				CLANG_WARN_SUSPICIOUS_MOVE = YES;
				CLANG_WARN_UNGUARDED_AVAILABILITY = YES_AGGRESSIVE;
				CLANG_WARN_UNREACHABLE_CODE = YES;
				CLANG_WARN__DUPLICATE_METHOD_MATCH = YES;
				CODE_SIGN_IDENTITY = "iPhone Developer";
				COPY_PHASE_STRIP = NO;
				DEBUG_INFORMATION_FORMAT = "dwarf-with-dsym";
				ENABLE_NS_ASSERTIONS = NO;
				ENABLE_STRICT_OBJC_MSGSEND = YES;
				GCC_C_LANGUAGE_STANDARD = gnu11;
				GCC_NO_COMMON_BLOCKS = YES;
				GCC_WARN_64_TO_32_BIT_CONVERSION = YES;
				GCC_WARN_ABOUT_RETURN_TYPE = YES_ERROR;
				GCC_WARN_UNDECLARED_SELECTOR = YES;
				GCC_WARN_UNINITIALIZED_AUTOS = YES_AGGRESSIVE;
				GCC_WARN_UNUSED_FUNCTION = YES;
				GCC_WARN_UNUSED_VARIABLE = YES;
				IPHONEOS_DEPLOYMENT_TARGET = 11.0;
				MTL_ENABLE_DEBUG_INFO = NO;
				SDKROOT = iphoneos;
				SWIFT_OPTIMIZATION_LEVEL = "-Owholemodule";
				VALIDATE_PRODUCT = YES;
			};
			name = Release;
		};
		037094821F70C38400C76883 /* Debug */ = {
			isa = XCBuildConfiguration;
			buildSettings = {
				ASSETCATALOG_COMPILER_APPICON_NAME = AppIcon;
				CODE_SIGN_STYLE = Automatic;
				DEVELOPMENT_TEAM = 9BZNV2TE99;
				INFOPLIST_FILE = ColorSliderDemo/Info.plist;
				IPHONEOS_DEPLOYMENT_TARGET = 9.0;
				LD_RUNPATH_SEARCH_PATHS = "$(inherited) @executable_path/Frameworks";
				PRODUCT_BUNDLE_IDENTIFIER = com.ColorSlider.ColorSliderDemo;
				PRODUCT_NAME = "$(TARGET_NAME)";
				SWIFT_VERSION = 4.2;
				TARGETED_DEVICE_FAMILY = "1,2";
			};
			name = Debug;
		};
		037094831F70C38400C76883 /* Release */ = {
			isa = XCBuildConfiguration;
			buildSettings = {
				ASSETCATALOG_COMPILER_APPICON_NAME = AppIcon;
				CODE_SIGN_STYLE = Automatic;
				DEVELOPMENT_TEAM = 9BZNV2TE99;
				INFOPLIST_FILE = ColorSliderDemo/Info.plist;
				IPHONEOS_DEPLOYMENT_TARGET = 9.0;
				LD_RUNPATH_SEARCH_PATHS = "$(inherited) @executable_path/Frameworks";
				PRODUCT_BUNDLE_IDENTIFIER = com.ColorSlider.ColorSliderDemo;
				PRODUCT_NAME = "$(TARGET_NAME)";
				SWIFT_VERSION = 4.2;
				TARGETED_DEVICE_FAMILY = "1,2";
			};
			name = Release;
		};
/* End XCBuildConfiguration section */

/* Begin XCConfigurationList section */
		032B689C1F624990000B26F8 /* Build configuration list for PBXProject "ColorSliderDemo" */ = {
			isa = XCConfigurationList;
			buildConfigurations = (
				032B68B11F624990000B26F8 /* Debug */,
				032B68B21F624990000B26F8 /* Release */,
			);
			defaultConfigurationIsVisible = 0;
			defaultConfigurationName = Release;
		};
		037094811F70C38400C76883 /* Build configuration list for PBXNativeTarget "ColorSliderDemo" */ = {
			isa = XCConfigurationList;
			buildConfigurations = (
				037094821F70C38400C76883 /* Debug */,
				037094831F70C38400C76883 /* Release */,
			);
			defaultConfigurationIsVisible = 0;
			defaultConfigurationName = Release;
		};
/* End XCConfigurationList section */
	};
	rootObject = 032B68991F624990000B26F8 /* Project object */;
}
